
Microsoft Visual Studio Solution File, Format Version 12.00
# Visual Studio Version 17
VisualStudioVersion = 17.7.34031.279
MinimumVisualStudioVersion = 10.0.40219.1
Project("{FAE04EC0-301F-11D3-BF4B-00C04F79EFBC}") = "LC-0058-LengthOfLastWord", "LC-0058-LengthOfLastWord\LC-0058-LengthOfLastWord.csproj", "{0F57C332-BF05-4834-92CE-5EB7C3C73546}"
EndProject
Global
	GlobalSection(SolutionConfigurationPlatforms) = preSolution
		Debug|Any CPU = Debug|Any CPU
		Release|Any CPU = Release|Any CPU
	EndGlobalSection
	GlobalSection(ProjectConfigurationPlatforms) = postSolution
		{0F57C332-BF05-4834-92CE-5EB7C3C73546}.Debug|Any CPU.ActiveCfg = Debug|Any CPU
		{0F57C332-BF05-4834-92CE-5EB7C3C73546}.Debug|Any CPU.Build.0 = Debug|Any CPU
		{0F57C332-BF05-4834-92CE-5EB7C3C73546}.Release|Any CPU.ActiveCfg = Release|Any CPU
		{0F57C332-BF05-4834-92CE-5EB7C3C73546}.Release|Any CPU.Build.0 = Release|Any CPU
	EndGlobalSection
	GlobalSection(SolutionProperties) = preSolution
		HideSolutionNode = FALSE
	EndGlobalSection
	GlobalSection(ExtensibilityGlobals) = postSolution
		SolutionGuid = {0D1F2623-DB5E-4F35-850E-14D5C764E58C}
	EndGlobalSection
EndGlobal
